// !$*UTF8*$!
{
	archiveVersion = 1;
	classes = {
	};
	objectVersion = 46;
	objects = {

/* Begin PBXBuildFile section */
		63068A581B01BB73005E256B /* AppDelegate.swift in Sources */ = {isa = PBXBuildFile; fileRef = 63068A571B01BB73005E256B /* AppDelegate.swift */; };
		63068A5B1B01BB73005E256B /* MMMilestone2.xcdatamodeld in Sources */ = {isa = PBXBuildFile; fileRef = 63068A591B01BB73005E256B /* MMMilestone2.xcdatamodeld */; };
		63068A5D1B01BB73005E256B /* ViewController.swift in Sources */ = {isa = PBXBuildFile; fileRef = 63068A5C1B01BB73005E256B /* ViewController.swift */; };
		63068A601B01BB73005E256B /* Main.storyboard in Resources */ = {isa = PBXBuildFile; fileRef = 63068A5E1B01BB73005E256B /* Main.storyboard */; };
		63068A621B01BB73005E256B /* Images.xcassets in Resources */ = {isa = PBXBuildFile; fileRef = 63068A611B01BB73005E256B /* Images.xcassets */; };
		63068A651B01BB73005E256B /* LaunchScreen.xib in Resources */ = {isa = PBXBuildFile; fileRef = 63068A631B01BB73005E256B /* LaunchScreen.xib */; };
		63068A711B01BB73005E256B /* MMMilestone2Tests.swift in Sources */ = {isa = PBXBuildFile; fileRef = 63068A701B01BB73005E256B /* MMMilestone2Tests.swift */; };
		63068A7B1B01BBA7005E256B /* estaticos.swift in Sources */ = {isa = PBXBuildFile; fileRef = 63068A7A1B01BBA7005E256B /* estaticos.swift */; };
		63068A7D1B01BBCE005E256B /* interaccionServidor.swift in Sources */ = {isa = PBXBuildFile; fileRef = 63068A7C1B01BBCE005E256B /* interaccionServidor.swift */; };
		63068A7F1B01BD6F005E256B /* Contacto.swift in Sources */ = {isa = PBXBuildFile; fileRef = 63068A7E1B01BD6F005E256B /* Contacto.swift */; };
		63068A811B01BD6F005E256B /* Mensaje.swift in Sources */ = {isa = PBXBuildFile; fileRef = 63068A801B01BD6F005E256B /* Mensaje.swift */; };
		63068A831B01BD6F005E256B /* Conversacion.swift in Sources */ = {isa = PBXBuildFile; fileRef = 63068A821B01BD6F005E256B /* Conversacion.swift */; };
		63068A851B02495E005E256B /* cellViewController.swift in Sources */ = {isa = PBXBuildFile; fileRef = 63068A841B02495D005E256B /* cellViewController.swift */; };
		630DBA441BB8775200FAB0EC /* fondo2.jpg in Resources */ = {isa = PBXBuildFile; fileRef = 630DBA431BB8775200FAB0EC /* fondo2.jpg */; settings = {ASSET_TAGS = (); }; };
		631B04D81B094EA300C3BFEC /* crearChatGrupal.swift in Sources */ = {isa = PBXBuildFile; fileRef = 631B04D71B094EA200C3BFEC /* crearChatGrupal.swift */; };
		631B04DA1B097A9F00C3BFEC /* ConversacionGrupal.swift in Sources */ = {isa = PBXBuildFile; fileRef = 631B04D91B097A9E00C3BFEC /* ConversacionGrupal.swift */; };
		632DE29A1B9D56F500695BE8 /* SRWebClient.swift in Sources */ = {isa = PBXBuildFile; fileRef = 632DE2991B9D56F500695BE8 /* SRWebClient.swift */; };
		633024471B925B4600D33DA3 /* CeldaAgregarUsuarios.swift in Sources */ = {isa = PBXBuildFile; fileRef = 633024461B925B4600D33DA3 /* CeldaAgregarUsuarios.swift */; };
		633862921B0C339E008694DB /* celdaChatGrupal.swift in Sources */ = {isa = PBXBuildFile; fileRef = 633862911B0C339E008694DB /* celdaChatGrupal.swift */; };
		635E0B881B0B7B1400C6FF33 /* salaChatGrupal.swift in Sources */ = {isa = PBXBuildFile; fileRef = 635E0B871B0B7B1400C6FF33 /* salaChatGrupal.swift */; };
		635E0B8A1B0B7C4F00C6FF33 /* mensajeChatGrupal.swift in Sources */ = {isa = PBXBuildFile; fileRef = 635E0B891B0B7C4F00C6FF33 /* mensajeChatGrupal.swift */; };
		635E0B8C1B0B87DC00C6FF33 /* agregarUsuarioAlServidor.swift in Sources */ = {isa = PBXBuildFile; fileRef = 635E0B8B1B0B87DC00C6FF33 /* agregarUsuarioAlServidor.swift */; };
		636B6B981B785377006CC399 /* fondo1.jpg in Resources */ = {isa = PBXBuildFile; fileRef = 636B6B971B785377006CC399 /* fondo1.jpg */; };
		637D88991B9DD70300EEE707 /* ImagenTableViewCell.swift in Sources */ = {isa = PBXBuildFile; fileRef = 637D88981B9DD70300EEE707 /* ImagenTableViewCell.swift */; };
		637D889B1B9DDC1A00EEE707 /* MostrarImagenViewController.swift in Sources */ = {isa = PBXBuildFile; fileRef = 637D889A1B9DDC1A00EEE707 /* MostrarImagenViewController.swift */; };
		637D889D1B9E099E00EEE707 /* MostrarImagenGrupalViewController.swift in Sources */ = {isa = PBXBuildFile; fileRef = 637D889C1B9E099E00EEE707 /* MostrarImagenGrupalViewController.swift */; };
		63868FB71B0259D60093ED6B /* salaDeChatDos.swift in Sources */ = {isa = PBXBuildFile; fileRef = 63868FB61B0259D60093ED6B /* salaDeChatDos.swift */; };
		63868FB91B0268C00093ED6B /* mensajeChatDos.swift in Sources */ = {isa = PBXBuildFile; fileRef = 63868FB81B0268BF0093ED6B /* mensajeChatDos.swift */; };
		638944E91B1A396800D85027 /* TcpListener.m in Sources */ = {isa = PBXBuildFile; fileRef = 638944E81B1A396800D85027 /* TcpListener.m */; };
		638944EC1B1A3A1F00D85027 /* Test.m in Sources */ = {isa = PBXBuildFile; fileRef = 638944EB1B1A3A1F00D85027 /* Test.m */; };
		63B6281C1B3147BC00B75D31 /* cliente.swift in Sources */ = {isa = PBXBuildFile; fileRef = 63B6281B1B3147BC00B75D31 /* cliente.swift */; };
		63B7C3521B9403B100C3A3D7 /* crearChatDeDos.swift in Sources */ = {isa = PBXBuildFile; fileRef = 63B7C3511B9403B100C3A3D7 /* crearChatDeDos.swift */; };
		63DCA4061B0309C600AFAAA4 /* chatGrupal.swift in Sources */ = {isa = PBXBuildFile; fileRef = 63DCA4051B0309C600AFAAA4 /* chatGrupal.swift */; };
		63DFB82F1B15314E00DF94A5 /* CoreLocation.framework in Frameworks */ = {isa = PBXBuildFile; fileRef = 63DFB82E1B15314E00DF94A5 /* CoreLocation.framework */; };
		63DFB8311B15315300DF94A5 /* MapKit.framework in Frameworks */ = {isa = PBXBuildFile; fileRef = 63DFB8301B15315300DF94A5 /* MapKit.framework */; };
		63DFB8331B15317100DF94A5 /* mapa.swift in Sources */ = {isa = PBXBuildFile; fileRef = 63DFB8321B15317100DF94A5 /* mapa.swift */; };
		63DFB8351B1550BA00DF94A5 /* SwiftyJSON.swift in Sources */ = {isa = PBXBuildFile; fileRef = 63DFB8341B1550BA00DF94A5 /* SwiftyJSON.swift */; };
		63DFB84D1B161EDE00DF94A5 /* header.m in Sources */ = {isa = PBXBuildFile; fileRef = 63DFB84C1B161EDE00DF94A5 /* header.m */; };
/* End PBXBuildFile section */

/* Begin PBXContainerItemProxy section */
		63068A6B1B01BB73005E256B /* PBXContainerItemProxy */ = {
			isa = PBXContainerItemProxy;
			containerPortal = 63068A4A1B01BB72005E256B /* Project object */;
			proxyType = 1;
			remoteGlobalIDString = 63068A511B01BB73005E256B;
			remoteInfo = MMMilestone2;
		};
/* End PBXContainerItemProxy section */

/* Begin PBXFileReference section */
		63068A521B01BB73005E256B /* MMMilestone2.app */ = {isa = PBXFileReference; explicitFileType = wrapper.application; includeInIndex = 0; path = MMMilestone2.app; sourceTree = BUILT_PRODUCTS_DIR; };
		63068A561B01BB73005E256B /* Info.plist */ = {isa = PBXFileReference; lastKnownFileType = text.plist.xml; path = Info.plist; sourceTree = "<group>"; };
		63068A571B01BB73005E256B /* AppDelegate.swift */ = {isa = PBXFileReference; lastKnownFileType = sourcecode.swift; path = AppDelegate.swift; sourceTree = "<group>"; };
		63068A5A1B01BB73005E256B /* MMMilestone2.xcdatamodel */ = {isa = PBXFileReference; lastKnownFileType = wrapper.xcdatamodel; path = MMMilestone2.xcdatamodel; sourceTree = "<group>"; };
		63068A5C1B01BB73005E256B /* ViewController.swift */ = {isa = PBXFileReference; lastKnownFileType = sourcecode.swift; path = ViewController.swift; sourceTree = "<group>"; };
		63068A5F1B01BB73005E256B /* Base */ = {isa = PBXFileReference; lastKnownFileType = file.storyboard; name = Base; path = Base.lproj/Main.storyboard; sourceTree = "<group>"; };
		63068A611B01BB73005E256B /* Images.xcassets */ = {isa = PBXFileReference; lastKnownFileType = folder.assetcatalog; path = Images.xcassets; sourceTree = "<group>"; };
		63068A641B01BB73005E256B /* Base */ = {isa = PBXFileReference; lastKnownFileType = file.xib; name = Base; path = Base.lproj/LaunchScreen.xib; sourceTree = "<group>"; };
		63068A6A1B01BB73005E256B /* MMMilestone2Tests.xctest */ = {isa = PBXFileReference; explicitFileType = wrapper.cfbundle; includeInIndex = 0; path = MMMilestone2Tests.xctest; sourceTree = BUILT_PRODUCTS_DIR; };
		63068A6F1B01BB73005E256B /* Info.plist */ = {isa = PBXFileReference; lastKnownFileType = text.plist.xml; path = Info.plist; sourceTree = "<group>"; };
		63068A701B01BB73005E256B /* MMMilestone2Tests.swift */ = {isa = PBXFileReference; lastKnownFileType = sourcecode.swift; path = MMMilestone2Tests.swift; sourceTree = "<group>"; };
		63068A7A1B01BBA7005E256B /* estaticos.swift */ = {isa = PBXFileReference; fileEncoding = 4; lastKnownFileType = sourcecode.swift; path = estaticos.swift; sourceTree = "<group>"; };
		63068A7C1B01BBCE005E256B /* interaccionServidor.swift */ = {isa = PBXFileReference; fileEncoding = 4; lastKnownFileType = sourcecode.swift; path = interaccionServidor.swift; sourceTree = "<group>"; };
		63068A7E1B01BD6F005E256B /* Contacto.swift */ = {isa = PBXFileReference; fileEncoding = 4; lastKnownFileType = sourcecode.swift; path = Contacto.swift; sourceTree = "<group>"; };
		63068A801B01BD6F005E256B /* Mensaje.swift */ = {isa = PBXFileReference; fileEncoding = 4; lastKnownFileType = sourcecode.swift; path = Mensaje.swift; sourceTree = "<group>"; };
		63068A821B01BD6F005E256B /* Conversacion.swift */ = {isa = PBXFileReference; fileEncoding = 4; lastKnownFileType = sourcecode.swift; path = Conversacion.swift; sourceTree = "<group>"; };
		63068A841B02495D005E256B /* cellViewController.swift */ = {isa = PBXFileReference; fileEncoding = 4; lastKnownFileType = sourcecode.swift; path = cellViewController.swift; sourceTree = "<group>"; };
		630DBA431BB8775200FAB0EC /* fondo2.jpg */ = {isa = PBXFileReference; lastKnownFileType = image.jpeg; name = fondo2.jpg; path = ../../fondo2.jpg; sourceTree = "<group>"; };
		631B04D71B094EA200C3BFEC /* crearChatGrupal.swift */ = {isa = PBXFileReference; fileEncoding = 4; lastKnownFileType = sourcecode.swift; path = crearChatGrupal.swift; sourceTree = "<group>"; };
		631B04D91B097A9E00C3BFEC /* ConversacionGrupal.swift */ = {isa = PBXFileReference; fileEncoding = 4; lastKnownFileType = sourcecode.swift; path = ConversacionGrupal.swift; sourceTree = "<group>"; };
		631FF3E91B27F9F000C4C7BC /* TcpDelegate.h */ = {isa = PBXFileReference; lastKnownFileType = sourcecode.c.h; path = TcpDelegate.h; sourceTree = "<group>"; };
		632DE2991B9D56F500695BE8 /* SRWebClient.swift */ = {isa = PBXFileReference; fileEncoding = 4; lastKnownFileType = sourcecode.swift; name = SRWebClient.swift; path = "../../../Downloads/Swift-SRWebClient-master/SRWebClient/SRWebClient.swift"; sourceTree = "<group>"; };
		633024461B925B4600D33DA3 /* CeldaAgregarUsuarios.swift */ = {isa = PBXFileReference; fileEncoding = 4; lastKnownFileType = sourcecode.swift; path = CeldaAgregarUsuarios.swift; sourceTree = "<group>"; };
		633862911B0C339E008694DB /* celdaChatGrupal.swift */ = {isa = PBXFileReference; fileEncoding = 4; lastKnownFileType = sourcecode.swift; path = celdaChatGrupal.swift; sourceTree = "<group>"; };
		635E0B871B0B7B1400C6FF33 /* salaChatGrupal.swift */ = {isa = PBXFileReference; fileEncoding = 4; lastKnownFileType = sourcecode.swift; path = salaChatGrupal.swift; sourceTree = "<group>"; };
		635E0B891B0B7C4F00C6FF33 /* mensajeChatGrupal.swift */ = {isa = PBXFileReference; fileEncoding = 4; lastKnownFileType = sourcecode.swift; path = mensajeChatGrupal.swift; sourceTree = "<group>"; };
		635E0B8B1B0B87DC00C6FF33 /* agregarUsuarioAlServidor.swift */ = {isa = PBXFileReference; fileEncoding = 4; lastKnownFileType = sourcecode.swift; path = agregarUsuarioAlServidor.swift; sourceTree = "<group>"; };
		636B6B971B785377006CC399 /* fondo1.jpg */ = {isa = PBXFileReference; lastKnownFileType = image.jpeg; name = fondo1.jpg; path = ../../fondo1.jpg; sourceTree = "<group>"; };
		637D88981B9DD70300EEE707 /* ImagenTableViewCell.swift */ = {isa = PBXFileReference; fileEncoding = 4; lastKnownFileType = sourcecode.swift; path = ImagenTableViewCell.swift; sourceTree = "<group>"; };
		637D889A1B9DDC1A00EEE707 /* MostrarImagenViewController.swift */ = {isa = PBXFileReference; fileEncoding = 4; lastKnownFileType = sourcecode.swift; path = MostrarImagenViewController.swift; sourceTree = "<group>"; };
		637D889C1B9E099E00EEE707 /* MostrarImagenGrupalViewController.swift */ = {isa = PBXFileReference; fileEncoding = 4; lastKnownFileType = sourcecode.swift; path = MostrarImagenGrupalViewController.swift; sourceTree = "<group>"; };
		63868FB61B0259D60093ED6B /* salaDeChatDos.swift */ = {isa = PBXFileReference; fileEncoding = 4; lastKnownFileType = sourcecode.swift; path = salaDeChatDos.swift; sourceTree = "<group>"; };
		63868FB81B0268BF0093ED6B /* mensajeChatDos.swift */ = {isa = PBXFileReference; fileEncoding = 4; lastKnownFileType = sourcecode.swift; path = mensajeChatDos.swift; sourceTree = "<group>"; };
		638944E81B1A396800D85027 /* TcpListener.m */ = {isa = PBXFileReference; fileEncoding = 4; lastKnownFileType = sourcecode.c.objc; path = TcpListener.m; sourceTree = "<group>"; };
		638944EA1B1A39CC00D85027 /* TcpListener.h */ = {isa = PBXFileReference; lastKnownFileType = sourcecode.c.h; path = TcpListener.h; sourceTree = "<group>"; };
		638944EB1B1A3A1F00D85027 /* Test.m */ = {isa = PBXFileReference; fileEncoding = 4; lastKnownFileType = sourcecode.c.objc; path = Test.m; sourceTree = "<group>"; };
		638944ED1B1A3A3600D85027 /* Test.h */ = {isa = PBXFileReference; lastKnownFileType = sourcecode.c.h; path = Test.h; sourceTree = "<group>"; };
		63B6281B1B3147BC00B75D31 /* cliente.swift */ = {isa = PBXFileReference; fileEncoding = 4; lastKnownFileType = sourcecode.swift; path = cliente.swift; sourceTree = "<group>"; };
		63B7C3511B9403B100C3A3D7 /* crearChatDeDos.swift */ = {isa = PBXFileReference; fileEncoding = 4; lastKnownFileType = sourcecode.swift; path = crearChatDeDos.swift; sourceTree = "<group>"; };
		63DCA4051B0309C600AFAAA4 /* chatGrupal.swift */ = {isa = PBXFileReference; fileEncoding = 4; lastKnownFileType = sourcecode.swift; path = chatGrupal.swift; sourceTree = "<group>"; };
		63DFB82E1B15314E00DF94A5 /* CoreLocation.framework */ = {isa = PBXFileReference; lastKnownFileType = wrapper.framework; name = CoreLocation.framework; path = System/Library/Frameworks/CoreLocation.framework; sourceTree = SDKROOT; };
		63DFB8301B15315300DF94A5 /* MapKit.framework */ = {isa = PBXFileReference; lastKnownFileType = wrapper.framework; name = MapKit.framework; path = System/Library/Frameworks/MapKit.framework; sourceTree = SDKROOT; };
		63DFB8321B15317100DF94A5 /* mapa.swift */ = {isa = PBXFileReference; fileEncoding = 4; lastKnownFileType = sourcecode.swift; path = mapa.swift; sourceTree = "<group>"; };
		63DFB8341B1550BA00DF94A5 /* SwiftyJSON.swift */ = {isa = PBXFileReference; fileEncoding = 4; lastKnownFileType = sourcecode.swift; path = SwiftyJSON.swift; sourceTree = "<group>"; };
		63DFB84B1B161EDD00DF94A5 /* MMMilestone2-Bridging-Header.h */ = {isa = PBXFileReference; lastKnownFileType = sourcecode.c.h; path = "MMMilestone2-Bridging-Header.h"; sourceTree = "<group>"; };
		63DFB84C1B161EDE00DF94A5 /* header.m */ = {isa = PBXFileReference; fileEncoding = 4; lastKnownFileType = sourcecode.c.objc; path = header.m; sourceTree = "<group>"; };
/* End PBXFileReference section */

/* Begin PBXFrameworksBuildPhase section */
		63068A4F1B01BB73005E256B /* Frameworks */ = {
			isa = PBXFrameworksBuildPhase;
			buildActionMask = 2147483647;
			files = (
				63DFB8311B15315300DF94A5 /* MapKit.framework in Frameworks */,
				63DFB82F1B15314E00DF94A5 /* CoreLocation.framework in Frameworks */,
			);
			runOnlyForDeploymentPostprocessing = 0;
		};
		63068A671B01BB73005E256B /* Frameworks */ = {
			isa = PBXFrameworksBuildPhase;
			buildActionMask = 2147483647;
			files = (
			);
			runOnlyForDeploymentPostprocessing = 0;
		};
/* End PBXFrameworksBuildPhase section */

/* Begin PBXGroup section */
		63068A491B01BB72005E256B = {
			isa = PBXGroup;
			children = (
				63DFB8301B15315300DF94A5 /* MapKit.framework */,
				63DFB82E1B15314E00DF94A5 /* CoreLocation.framework */,
				63068A541B01BB73005E256B /* MMMilestone2 */,
				63068A6D1B01BB73005E256B /* MMMilestone2Tests */,
				63068A531B01BB73005E256B /* Products */,
			);
			sourceTree = "<group>";
		};
		63068A531B01BB73005E256B /* Products */ = {
			isa = PBXGroup;
			children = (
				63068A521B01BB73005E256B /* MMMilestone2.app */,
				63068A6A1B01BB73005E256B /* MMMilestone2Tests.xctest */,
			);
			name = Products;
			sourceTree = "<group>";
		};
		63068A541B01BB73005E256B /* MMMilestone2 */ = {
			isa = PBXGroup;
			children = (
				630DBA691BB8EA0600FAB0EC /* Librerias y estaticos */,
				630DBA681BB8E91E00FAB0EC /* Celdas */,
				630DBA671BB888B000FAB0EC /* ViewControllers */,
				630DBA661BB8868900FAB0EC /* Base de datos */,
				63068A571B01BB73005E256B /* AppDelegate.swift */,
				63068A5E1B01BB73005E256B /* Main.storyboard */,
				63068A611B01BB73005E256B /* Images.xcassets */,
				63068A631B01BB73005E256B /* LaunchScreen.xib */,
				63068A591B01BB73005E256B /* MMMilestone2.xcdatamodeld */,
				630DBA431BB8775200FAB0EC /* fondo2.jpg */,
				636B6B971B785377006CC399 /* fondo1.jpg */,
				63068A551B01BB73005E256B /* Supporting Files */,
			);
			path = MMMilestone2;
			sourceTree = "<group>";
		};
		63068A551B01BB73005E256B /* Supporting Files */ = {
			isa = PBXGroup;
			children = (
				63068A561B01BB73005E256B /* Info.plist */,
				63DFB84C1B161EDE00DF94A5 /* header.m */,
				63DFB84B1B161EDD00DF94A5 /* MMMilestone2-Bridging-Header.h */,
				638944E81B1A396800D85027 /* TcpListener.m */,
				638944EA1B1A39CC00D85027 /* TcpListener.h */,
				638944EB1B1A3A1F00D85027 /* Test.m */,
				638944ED1B1A3A3600D85027 /* Test.h */,
				631FF3E91B27F9F000C4C7BC /* TcpDelegate.h */,
			);
			name = "Supporting Files";
			sourceTree = "<group>";
		};
		63068A6D1B01BB73005E256B /* MMMilestone2Tests */ = {
			isa = PBXGroup;
			children = (
				63068A701B01BB73005E256B /* MMMilestone2Tests.swift */,
				63068A6E1B01BB73005E256B /* Supporting Files */,
			);
			path = MMMilestone2Tests;
			sourceTree = "<group>";
		};
		63068A6E1B01BB73005E256B /* Supporting Files */ = {
			isa = PBXGroup;
			children = (
				63068A6F1B01BB73005E256B /* Info.plist */,
			);
			name = "Supporting Files";
			sourceTree = "<group>";
		};
		630DBA661BB8868900FAB0EC /* Base de datos */ = {
			isa = PBXGroup;
			children = (
				63068A821B01BD6F005E256B /* Conversacion.swift */,
				63068A801B01BD6F005E256B /* Mensaje.swift */,
				63068A7E1B01BD6F005E256B /* Contacto.swift */,
				631B04D91B097A9E00C3BFEC /* ConversacionGrupal.swift */,
			);
			name = "Base de datos";
			sourceTree = "<group>";
		};
		630DBA671BB888B000FAB0EC /* ViewControllers */ = {
			isa = PBXGroup;
			children = (
				63068A5C1B01BB73005E256B /* ViewController.swift */,
				631B04D71B094EA200C3BFEC /* crearChatGrupal.swift */,
				63DFB8321B15317100DF94A5 /* mapa.swift */,
				63B7C3511B9403B100C3A3D7 /* crearChatDeDos.swift */,
				637D889A1B9DDC1A00EEE707 /* MostrarImagenViewController.swift */,
				635E0B871B0B7B1400C6FF33 /* salaChatGrupal.swift */,
				63DCA4051B0309C600AFAAA4 /* chatGrupal.swift */,
				637D889C1B9E099E00EEE707 /* MostrarImagenGrupalViewController.swift */,
				635E0B8B1B0B87DC00C6FF33 /* agregarUsuarioAlServidor.swift */,
				63868FB61B0259D60093ED6B /* salaDeChatDos.swift */,
			);
			name = ViewControllers;
			sourceTree = "<group>";
		};
		630DBA681BB8E91E00FAB0EC /* Celdas */ = {
			isa = PBXGroup;
			children = (
				63068A841B02495D005E256B /* cellViewController.swift */,
				633024461B925B4600D33DA3 /* CeldaAgregarUsuarios.swift */,
				635E0B891B0B7C4F00C6FF33 /* mensajeChatGrupal.swift */,
				63868FB81B0268BF0093ED6B /* mensajeChatDos.swift */,
				633862911B0C339E008694DB /* celdaChatGrupal.swift */,
				637D88981B9DD70300EEE707 /* ImagenTableViewCell.swift */,
			);
			name = Celdas;
			sourceTree = "<group>";
		};
		630DBA691BB8EA0600FAB0EC /* Librerias y estaticos */ = {
			isa = PBXGroup;
			children = (
				632DE2991B9D56F500695BE8 /* SRWebClient.swift */,
				63068A7A1B01BBA7005E256B /* estaticos.swift */,
				63068A7C1B01BBCE005E256B /* interaccionServidor.swift */,
				63DFB8341B1550BA00DF94A5 /* SwiftyJSON.swift */,
				63B6281B1B3147BC00B75D31 /* cliente.swift */,
			);
			name = "Librerias y estaticos";
			sourceTree = "<group>";
		};
/* End PBXGroup section */

/* Begin PBXNativeTarget section */
		63068A511B01BB73005E256B /* MMMilestone2 */ = {
			isa = PBXNativeTarget;
			buildConfigurationList = 63068A741B01BB73005E256B /* Build configuration list for PBXNativeTarget "MMMilestone2" */;
			buildPhases = (
				63068A4E1B01BB73005E256B /* Sources */,
				63068A4F1B01BB73005E256B /* Frameworks */,
				63068A501B01BB73005E256B /* Resources */,
			);
			buildRules = (
			);
			dependencies = (
			);
			name = MMMilestone2;
			productName = MMMilestone2;
			productReference = 63068A521B01BB73005E256B /* MMMilestone2.app */;
			productType = "com.apple.product-type.application";
		};
		63068A691B01BB73005E256B /* MMMilestone2Tests */ = {
			isa = PBXNativeTarget;
			buildConfigurationList = 63068A771B01BB73005E256B /* Build configuration list for PBXNativeTarget "MMMilestone2Tests" */;
			buildPhases = (
				63068A661B01BB73005E256B /* Sources */,
				63068A671B01BB73005E256B /* Frameworks */,
				63068A681B01BB73005E256B /* Resources */,
			);
			buildRules = (
			);
			dependencies = (
				63068A6C1B01BB73005E256B /* PBXTargetDependency */,
			);
			name = MMMilestone2Tests;
			productName = MMMilestone2Tests;
			productReference = 63068A6A1B01BB73005E256B /* MMMilestone2Tests.xctest */;
			productType = "com.apple.product-type.bundle.unit-test";
		};
/* End PBXNativeTarget section */

/* Begin PBXProject section */
		63068A4A1B01BB72005E256B /* Project object */ = {
			isa = PBXProject;
			attributes = {
				LastSwiftMigration = 0700;
				LastSwiftUpdateCheck = 0700;
				LastUpgradeCheck = 0610;
				ORGANIZATIONNAME = mecolab;
				TargetAttributes = {
					63068A511B01BB73005E256B = {
						CreatedOnToolsVersion = 6.1.1;
						DevelopmentTeam = E3Y2R8Q9AN;
						SystemCapabilities = {
							com.apple.BackgroundModes = {
								enabled = 1;
							};
						};
					};
					63068A691B01BB73005E256B = {
						CreatedOnToolsVersion = 6.1.1;
						TestTargetID = 63068A511B01BB73005E256B;
					};
				};
			};
			buildConfigurationList = 63068A4D1B01BB72005E256B /* Build configuration list for PBXProject "MMMilestone2" */;
			compatibilityVersion = "Xcode 3.2";
			developmentRegion = English;
			hasScannedForEncodings = 0;
			knownRegions = (
				en,
				Base,
			);
			mainGroup = 63068A491B01BB72005E256B;
			productRefGroup = 63068A531B01BB73005E256B /* Products */;
			projectDirPath = "";
			projectRoot = "";
			targets = (
				63068A511B01BB73005E256B /* MMMilestone2 */,
				63068A691B01BB73005E256B /* MMMilestone2Tests */,
			);
		};
/* End PBXProject section */

/* Begin PBXResourcesBuildPhase section */
		63068A501B01BB73005E256B /* Resources */ = {
			isa = PBXResourcesBuildPhase;
			buildActionMask = 2147483647;
			files = (
				636B6B981B785377006CC399 /* fondo1.jpg in Resources */,
				63068A601B01BB73005E256B /* Main.storyboard in Resources */,
				63068A651B01BB73005E256B /* LaunchScreen.xib in Resources */,
				630DBA441BB8775200FAB0EC /* fondo2.jpg in Resources */,
				63068A621B01BB73005E256B /* Images.xcassets in Resources */,
			);
			runOnlyForDeploymentPostprocessing = 0;
		};
		63068A681B01BB73005E256B /* Resources */ = {
			isa = PBXResourcesBuildPhase;
			buildActionMask = 2147483647;
			files = (
			);
			runOnlyForDeploymentPostprocessing = 0;
		};
/* End PBXResourcesBuildPhase section */

/* Begin PBXSourcesBuildPhase section */
		63068A4E1B01BB73005E256B /* Sources */ = {
			isa = PBXSourcesBuildPhase;
			buildActionMask = 2147483647;
			files = (
				63B6281C1B3147BC00B75D31 /* cliente.swift in Sources */,
				63068A5D1B01BB73005E256B /* ViewController.swift in Sources */,
				63068A811B01BD6F005E256B /* Mensaje.swift in Sources */,
				63068A7B1B01BBA7005E256B /* estaticos.swift in Sources */,
				63DFB8351B1550BA00DF94A5 /* SwiftyJSON.swift in Sources */,
				637D889D1B9E099E00EEE707 /* MostrarImagenGrupalViewController.swift in Sources */,
				635E0B8C1B0B87DC00C6FF33 /* agregarUsuarioAlServidor.swift in Sources */,
				63068A7F1B01BD6F005E256B /* Contacto.swift in Sources */,
				63068A7D1B01BBCE005E256B /* interaccionServidor.swift in Sources */,
				633862921B0C339E008694DB /* celdaChatGrupal.swift in Sources */,
				63868FB91B0268C00093ED6B /* mensajeChatDos.swift in Sources */,
				631B04D81B094EA300C3BFEC /* crearChatGrupal.swift in Sources */,
				631B04DA1B097A9F00C3BFEC /* ConversacionGrupal.swift in Sources */,
				63DCA4061B0309C600AFAAA4 /* chatGrupal.swift in Sources */,
				638944EC1B1A3A1F00D85027 /* Test.m in Sources */,
				63DFB84D1B161EDE00DF94A5 /* header.m in Sources */,
				63068A581B01BB73005E256B /* AppDelegate.swift in Sources */,
				635E0B8A1B0B7C4F00C6FF33 /* mensajeChatGrupal.swift in Sources */,
				63B7C3521B9403B100C3A3D7 /* crearChatDeDos.swift in Sources */,
				63068A5B1B01BB73005E256B /* MMMilestone2.xcdatamodeld in Sources */,
				635E0B881B0B7B1400C6FF33 /* salaChatGrupal.swift in Sources */,
				633024471B925B4600D33DA3 /* CeldaAgregarUsuarios.swift in Sources */,
				63DFB8331B15317100DF94A5 /* mapa.swift in Sources */,
				63068A831B01BD6F005E256B /* Conversacion.swift in Sources */,
				638944E91B1A396800D85027 /* TcpListener.m in Sources */,
				637D88991B9DD70300EEE707 /* ImagenTableViewCell.swift in Sources */,
				63868FB71B0259D60093ED6B /* salaDeChatDos.swift in Sources */,
				637D889B1B9DDC1A00EEE707 /* MostrarImagenViewController.swift in Sources */,
				632DE29A1B9D56F500695BE8 /* SRWebClient.swift in Sources */,
				63068A851B02495E005E256B /* cellViewController.swift in Sources */,
			);
			runOnlyForDeploymentPostprocessing = 0;
		};
		63068A661B01BB73005E256B /* Sources */ = {
			isa = PBXSourcesBuildPhase;
			buildActionMask = 2147483647;
			files = (
				63068A711B01BB73005E256B /* MMMilestone2Tests.swift in Sources */,
			);
			runOnlyForDeploymentPostprocessing = 0;
		};
/* End PBXSourcesBuildPhase section */

/* Begin PBXTargetDependency section */
		63068A6C1B01BB73005E256B /* PBXTargetDependency */ = {
			isa = PBXTargetDependency;
			target = 63068A511B01BB73005E256B /* MMMilestone2 */;
			targetProxy = 63068A6B1B01BB73005E256B /* PBXContainerItemProxy */;
		};
/* End PBXTargetDependency section */

/* Begin PBXVariantGroup section */
		63068A5E1B01BB73005E256B /* Main.storyboard */ = {
			isa = PBXVariantGroup;
			children = (
				63068A5F1B01BB73005E256B /* Base */,
			);
			name = Main.storyboard;
			sourceTree = "<group>";
		};
		63068A631B01BB73005E256B /* LaunchScreen.xib */ = {
			isa = PBXVariantGroup;
			children = (
				63068A641B01BB73005E256B /* Base */,
			);
			name = LaunchScreen.xib;
			sourceTree = "<group>";
		};
/* End PBXVariantGroup section */

/* Begin XCBuildConfiguration section */
		63068A721B01BB73005E256B /* Debug */ = {
			isa = XCBuildConfiguration;
			buildSettings = {
				ALWAYS_SEARCH_USER_PATHS = NO;
				CLANG_CXX_LANGUAGE_STANDARD = "gnu++0x";
				CLANG_CXX_LIBRARY = "libc++";
				CLANG_ENABLE_MODULES = YES;
				CLANG_ENABLE_OBJC_ARC = YES;
				CLANG_WARN_BOOL_CONVERSION = YES;
				CLANG_WARN_CONSTANT_CONVERSION = YES;
				CLANG_WARN_DIRECT_OBJC_ISA_USAGE = YES_ERROR;
				CLANG_WARN_EMPTY_BODY = YES;
				CLANG_WARN_ENUM_CONVERSION = YES;
				CLANG_WARN_INT_CONVERSION = YES;
				CLANG_WARN_OBJC_ROOT_CLASS = YES_ERROR;
				CLANG_WARN_UNREACHABLE_CODE = YES;
				CLANG_WARN__DUPLICATE_METHOD_MATCH = YES;
				"CODE_SIGN_IDENTITY[sdk=iphoneos*]" = "iPhone Developer";
				COPY_PHASE_STRIP = NO;
				ENABLE_STRICT_OBJC_MSGSEND = YES;
				GCC_C_LANGUAGE_STANDARD = gnu99;
				GCC_DYNAMIC_NO_PIC = NO;
				GCC_OPTIMIZATION_LEVEL = 0;
				GCC_PREPROCESSOR_DEFINITIONS = (
					"DEBUG=1",
					"$(inherited)",
				);
				GCC_SYMBOLS_PRIVATE_EXTERN = NO;
				GCC_WARN_64_TO_32_BIT_CONVERSION = YES;
				GCC_WARN_ABOUT_RETURN_TYPE = YES_ERROR;
				GCC_WARN_UNDECLARED_SELECTOR = YES;
				GCC_WARN_UNINITIALIZED_AUTOS = YES_AGGRESSIVE;
				GCC_WARN_UNUSED_FUNCTION = YES;
				GCC_WARN_UNUSED_VARIABLE = YES;
				IPHONEOS_DEPLOYMENT_TARGET = 8.1;
				MTL_ENABLE_DEBUG_INFO = YES;
				ONLY_ACTIVE_ARCH = YES;
				SDKROOT = iphoneos;
				SWIFT_OPTIMIZATION_LEVEL = "-Onone";
			};
			name = Debug;
		};
		63068A731B01BB73005E256B /* Release */ = {
			isa = XCBuildConfiguration;
			buildSettings = {
				ALWAYS_SEARCH_USER_PATHS = NO;
				CLANG_CXX_LANGUAGE_STANDARD = "gnu++0x";
				CLANG_CXX_LIBRARY = "libc++";
				CLANG_ENABLE_MODULES = YES;
				CLANG_ENABLE_OBJC_ARC = YES;
				CLANG_WARN_BOOL_CONVERSION = YES;
				CLANG_WARN_CONSTANT_CONVERSION = YES;
				CLANG_WARN_DIRECT_OBJC_ISA_USAGE = YES_ERROR;
				CLANG_WARN_EMPTY_BODY = YES;
				CLANG_WARN_ENUM_CONVERSION = YES;
				CLANG_WARN_INT_CONVERSION = YES;
				CLANG_WARN_OBJC_ROOT_CLASS = YES_ERROR;
				CLANG_WARN_UNREACHABLE_CODE = YES;
				CLANG_WARN__DUPLICATE_METHOD_MATCH = YES;
				"CODE_SIGN_IDENTITY[sdk=iphoneos*]" = "iPhone Developer";
				COPY_PHASE_STRIP = YES;
				ENABLE_NS_ASSERTIONS = NO;
				ENABLE_STRICT_OBJC_MSGSEND = YES;
				GCC_C_LANGUAGE_STANDARD = gnu99;
				GCC_WARN_64_TO_32_BIT_CONVERSION = YES;
				GCC_WARN_ABOUT_RETURN_TYPE = YES_ERROR;
				GCC_WARN_UNDECLARED_SELECTOR = YES;
				GCC_WARN_UNINITIALIZED_AUTOS = YES_AGGRESSIVE;
				GCC_WARN_UNUSED_FUNCTION = YES;
				GCC_WARN_UNUSED_VARIABLE = YES;
				IPHONEOS_DEPLOYMENT_TARGET = 8.1;
				MTL_ENABLE_DEBUG_INFO = NO;
				SDKROOT = iphoneos;
				VALIDATE_PRODUCT = YES;
			};
			name = Release;
		};
		63068A751B01BB73005E256B /* Debug */ = {
			isa = XCBuildConfiguration;
			buildSettings = {
				ASSETCATALOG_COMPILER_APPICON_NAME = AppIcon;
				CLANG_ENABLE_MODULES = YES;
				CODE_SIGN_IDENTITY = "iPhone Developer";
				"CODE_SIGN_IDENTITY[sdk=iphoneos*]" = "iPhone Developer";
				INFOPLIST_FILE = MMMilestone2/Info.plist;
				IPHONEOS_DEPLOYMENT_TARGET = 8.3;
				LD_RUNPATH_SEARCH_PATHS = "$(inherited) @executable_path/Frameworks";
				MACOSX_DEPLOYMENT_TARGET = 10.10;
				PRODUCT_NAME = "$(TARGET_NAME)";
				PROVISIONING_PROFILE = "";
				SDKROOT = iphoneos;
				SUPPORTED_PLATFORMS = "iphonesimulator iphoneos";
				SWIFT_INSTALL_OBJC_HEADER = NO;
				SWIFT_OBJC_BRIDGING_HEADER = "MMMilestone2/MMMilestone2-Bridging-Header.h";
				SWIFT_OPTIMIZATION_LEVEL = "-Onone";
				TARGETED_DEVICE_FAMILY = 1;
			};
			name = Debug;
		};
		63068A761B01BB73005E256B /* Release */ = {
			isa = XCBuildConfiguration;
			buildSettings = {
				ASSETCATALOG_COMPILER_APPICON_NAME = AppIcon;
				CLANG_ENABLE_MODULES = YES;
				CODE_SIGN_IDENTITY = "iPhone Developer";
				"CODE_SIGN_IDENTITY[sdk=iphoneos*]" = "iPhone Developer";
				INFOPLIST_FILE = MMMilestone2/Info.plist;
				IPHONEOS_DEPLOYMENT_TARGET = 8.3;
				LD_RUNPATH_SEARCH_PATHS = "$(inherited) @executable_path/Frameworks";
				MACOSX_DEPLOYMENT_TARGET = 10.10;
				PRODUCT_NAME = "$(TARGET_NAME)";
				PROVISIONING_PROFILE = "";
				SDKROOT = iphoneos;
				SUPPORTED_PLATFORMS = "iphonesimulator iphoneos";
				SWIFT_INSTALL_OBJC_HEADER = NO;
				SWIFT_OBJC_BRIDGING_HEADER = "MMMilestone2/MMMilestone2-Bridging-Header.h";
				TARGETED_DEVICE_FAMILY = 1;
			};
			name = Release;
		};
		63068A781B01BB73005E256B /* Debug */ = {
			isa = XCBuildConfiguration;
			buildSettings = {
				BUNDLE_LOADER = "$(TEST_HOST)";
				CLANG_ENABLE_MODULES = YES;
				FRAMEWORK_SEARCH_PATHS = (
					"$(SDKROOT)/Developer/Library/Frameworks",
					"$(inherited)",
				);
				GCC_PREPROCESSOR_DEFINITIONS = (
					"DEBUG=1",
					"$(inherited)",
				);
				INFOPLIST_FILE = MMMilestone2Tests/Info.plist;
				LD_RUNPATH_SEARCH_PATHS = "$(inherited) @executable_path/Frameworks @loader_path/Frameworks";
				PRODUCT_NAME = "$(TARGET_NAME)";
				SWIFT_INSTALL_OBJC_HEADER = NO;
				SWIFT_OBJC_BRIDGING_HEADER = "";
				SWIFT_OPTIMIZATION_LEVEL = "-Onone";
				TEST_HOST = "$(BUILT_PRODUCTS_DIR)/MMMilestone2.app/MMMilestone2";
			};
			name = Debug;
		};
		63068A791B01BB73005E256B /* Release */ = {
			isa = XCBuildConfiguration;
			buildSettings = {
				BUNDLE_LOADER = "$(TEST_HOST)";
				CLANG_ENABLE_MODULES = YES;
				FRAMEWORK_SEARCH_PATHS = (
					"$(SDKROOT)/Developer/Library/Frameworks",
					"$(inherited)",
				);
				INFOPLIST_FILE = MMMilestone2Tests/Info.plist;
				LD_RUNPATH_SEARCH_PATHS = "$(inherited) @executable_path/Frameworks @loader_path/Frameworks";
				PRODUCT_NAME = "$(TARGET_NAME)";
				SWIFT_INSTALL_OBJC_HEADER = NO;
				SWIFT_OBJC_BRIDGING_HEADER = "";
				TEST_HOST = "$(BUILT_PRODUCTS_DIR)/MMMilestone2.app/MMMilestone2";
			};
			name = Release;
		};
/* End XCBuildConfiguration section */

/* Begin XCConfigurationList section */
		63068A4D1B01BB72005E256B /* Build configuration list for PBXProject "MMMilestone2" */ = {
			isa = XCConfigurationList;
			buildConfigurations = (
				63068A721B01BB73005E256B /* Debug */,
				63068A731B01BB73005E256B /* Release */,
			);
			defaultConfigurationIsVisible = 0;
			defaultConfigurationName = Release;
		};
		63068A741B01BB73005E256B /* Build configuration list for PBXNativeTarget "MMMilestone2" */ = {
			isa = XCConfigurationList;
			buildConfigurations = (
				63068A751B01BB73005E256B /* Debug */,
				63068A761B01BB73005E256B /* Release */,
			);
			defaultConfigurationIsVisible = 0;
			defaultConfigurationName = Release;
		};
		63068A771B01BB73005E256B /* Build configuration list for PBXNativeTarget "MMMilestone2Tests" */ = {
			isa = XCConfigurationList;
			buildConfigurations = (
				63068A781B01BB73005E256B /* Debug */,
				63068A791B01BB73005E256B /* Release */,
			);
			defaultConfigurationIsVisible = 0;
			defaultConfigurationName = Release;
		};
/* End XCConfigurationList section */

/* Begin XCVersionGroup section */
		63068A591B01BB73005E256B /* MMMilestone2.xcdatamodeld */ = {
			isa = XCVersionGroup;
			children = (
				63068A5A1B01BB73005E256B /* MMMilestone2.xcdatamodel */,
			);
			currentVersion = 63068A5A1B01BB73005E256B /* MMMilestone2.xcdatamodel */;
			path = MMMilestone2.xcdatamodeld;
			sourceTree = "<group>";
			versionGroupType = wrapper.xcdatamodel;
		};
/* End XCVersionGroup section */
	};
	rootObject = 63068A4A1B01BB72005E256B /* Project object */;
}
