// !$*UTF8*$!
{
	archiveVersion = 1;
	classes = {
	};
	objectVersion = 46;
	objects = {

/* Begin PBXBuildFile section */
		63068A581B01BB73005E256B /* AppDelegate.swift in Sources */ = {isa = PBXBuildFile; fileRef = 63068A571B01BB73005E256B /* AppDelegate.swift */; };
		63068A5B1B01BB73005E256B /* MMMilestone2.xcdatamodeld in Sources */ = {isa = PBXBuildFile; fileRef = 63068A591B01BB73005E256B /* MMMilestone2.xcdatamodeld */; };
		63068A5D1B01BB73005E256B /* ViewController.swift in Sources */ = {isa = PBXBuildFile; fileRef = 63068A5C1B01BB73005E256B /* ViewController.swift */; };
		63068A601B01BB73005E256B /* Main.storyboard in Resources */ = {isa = PBXBuildFile; fileRef = 63068A5E1B01BB73005E256B /* Main.storyboard */; };
		63068A621B01BB73005E256B /* Images.xcassets in Resources */ = {isa = PBXBuildFile; fileRef = 63068A611B01BB73005E256B /* Images.xcassets */; };
		63068A651B01BB73005E256B /* LaunchScreen.xib in Resources */ = {isa = PBXBuildFile; fileRef = 63068A631B01BB73005E256B /* LaunchScreen.xib */; };
		63068A711B01BB73005E256B /* MMMilestone2Tests.swift in Sources */ = {isa = PBXBuildFile; fileRef = 63068A701B01BB73005E256B /* MMMilestone2Tests.swift */; };
/* End PBXBuildFile section */

/* Begin PBXContainerItemProxy section */
		63068A6B1B01BB73005E256B /* PBXContainerItemProxy */ = {
			isa = PBXContainerItemProxy;
			containerPortal = 63068A4A1B01BB72005E256B /* Project object */;
			proxyType = 1;
			remoteGlobalIDString = 63068A511B01BB73005E256B;
			remoteInfo = MMMilestone2;
		};
/* End PBXContainerItemProxy section */

/* Begin PBXFileReference section */
		63068A521B01BB73005E256B /* MMMilestone2.app */ = {isa = PBXFileReference; explicitFileType = wrapper.application; includeInIndex = 0; path = MMMilestone2.app; sourceTree = BUILT_PRODUCTS_DIR; };
		63068A561B01BB73005E256B /* Info.plist */ = {isa = PBXFileReference; lastKnownFileType = text.plist.xml; path = Info.plist; sourceTree = "<group>"; };
		63068A571B01BB73005E256B /* AppDelegate.swift */ = {isa = PBXFileReference; lastKnownFileType = sourcecode.swift; path = AppDelegate.swift; sourceTree = "<group>"; };
		63068A5A1B01BB73005E256B /* MMMilestone2.xcdatamodel */ = {isa = PBXFileReference; lastKnownFileType = wrapper.xcdatamodel; path = MMMilestone2.xcdatamodel; sourceTree = "<group>"; };
		63068A5C1B01BB73005E256B /* ViewController.swift */ = {isa = PBXFileReference; lastKnownFileType = sourcecode.swift; path = ViewController.swift; sourceTree = "<group>"; };
		63068A5F1B01BB73005E256B /* Base */ = {isa = PBXFileReference; lastKnownFileType = file.storyboard; name = Base; path = Base.lproj/Main.storyboard; sourceTree = "<group>"; };
		63068A611B01BB73005E256B /* Images.xcassets */ = {isa = PBXFileReference; lastKnownFileType = folder.assetcatalog; path = Images.xcassets; sourceTree = "<group>"; };
		63068A641B01BB73005E256B /* Base */ = {isa = PBXFileReference; lastKnownFileType = file.xib; name = Base; path = Base.lproj/LaunchScreen.xib; sourceTree = "<group>"; };
		63068A6A1B01BB73005E256B /* MMMilestone2Tests.xctest */ = {isa = PBXFileReference; explicitFileType = wrapper.cfbundle; includeInIndex = 0; path = MMMilestone2Tests.xctest; sourceTree = BUILT_PRODUCTS_DIR; };
		63068A6F1B01BB73005E256B /* Info.plist */ = {isa = PBXFileReference; lastKnownFileType = text.plist.xml; path = Info.plist; sourceTree = "<group>"; };
		63068A701B01BB73005E256B /* MMMilestone2Tests.swift */ = {isa = PBXFileReference; lastKnownFileType = sourcecode.swift; path = MMMilestone2Tests.swift; sourceTree = "<group>"; };
/* End PBXFileReference section */

/* Begin PBXFrameworksBuildPhase section */
		63068A4F1B01BB73005E256B /* Frameworks */ = {
			isa = PBXFrameworksBuildPhase;
			buildActionMask = 2147483647;
			files = (
			);
			runOnlyForDeploymentPostprocessing = 0;
		};
		63068A671B01BB73005E256B /* Frameworks */ = {
			isa = PBXFrameworksBuildPhase;
			buildActionMask = 2147483647;
			files = (
			);
			runOnlyForDeploymentPostprocessing = 0;
		};
/* End PBXFrameworksBuildPhase section */

/* Begin PBXGroup section */
		63068A491B01BB72005E256B = {
			isa = PBXGroup;
			children = (
				63068A541B01BB73005E256B /* MMMilestone2 */,
				63068A6D1B01BB73005E256B /* MMMilestone2Tests */,
				63068A531B01BB73005E256B /* Products */,
			);
			sourceTree = "<group>";
		};
		63068A531B01BB73005E256B /* Products */ = {
			isa = PBXGroup;
			children = (
				63068A521B01BB73005E256B /* MMMilestone2.app */,
				63068A6A1B01BB73005E256B /* MMMilestone2Tests.xctest */,
			);
			name = Products;
			sourceTree = "<group>";
		};
		63068A541B01BB73005E256B /* MMMilestone2 */ = {
			isa = PBXGroup;
			children = (
				63068A571B01BB73005E256B /* AppDelegate.swift */,
				63068A5C1B01BB73005E256B /* ViewController.swift */,
				63068A5E1B01BB73005E256B /* Main.storyboard */,
				63068A611B01BB73005E256B /* Images.xcassets */,
				63068A631B01BB73005E256B /* LaunchScreen.xib */,
				63068A591B01BB73005E256B /* MMMilestone2.xcdatamodeld */,
				63068A551B01BB73005E256B /* Supporting Files */,
			);
			path = MMMilestone2;
			sourceTree = "<group>";
		};
		63068A551B01BB73005E256B /* Supporting Files */ = {
			isa = PBXGroup;
			children = (
				63068A561B01BB73005E256B /* Info.plist */,
			);
			name = "Supporting Files";
			sourceTree = "<group>";
		};
		63068A6D1B01BB73005E256B /* MMMilestone2Tests */ = {
			isa = PBXGroup;
			children = (
				63068A701B01BB73005E256B /* MMMilestone2Tests.swift */,
				63068A6E1B01BB73005E256B /* Supporting Files */,
			);
			path = MMMilestone2Tests;
			sourceTree = "<group>";
		};
		63068A6E1B01BB73005E256B /* Supporting Files */ = {
			isa = PBXGroup;
			children = (
				63068A6F1B01BB73005E256B /* Info.plist */,
			);
			name = "Supporting Files";
			sourceTree = "<group>";
		};
/* End PBXGroup section */

/* Begin PBXNativeTarget section */
		63068A511B01BB73005E256B /* MMMilestone2 */ = {
			isa = PBXNativeTarget;
			buildConfigurationList = 63068A741B01BB73005E256B /* Build configuration list for PBXNativeTarget "MMMilestone2" */;
			buildPhases = (
				63068A4E1B01BB73005E256B /* Sources */,
				63068A4F1B01BB73005E256B /* Frameworks */,
				63068A501B01BB73005E256B /* Resources */,
			);
			buildRules = (
			);
			dependencies = (
			);
			name = MMMilestone2;
			productName = MMMilestone2;
			productReference = 63068A521B01BB73005E256B /* MMMilestone2.app */;
			productType = "com.apple.product-type.application";
		};
		63068A691B01BB73005E256B /* MMMilestone2Tests */ = {
			isa = PBXNativeTarget;
			buildConfigurationList = 63068A771B01BB73005E256B /* Build configuration list for PBXNativeTarget "MMMilestone2Tests" */;
			buildPhases = (
				63068A661B01BB73005E256B /* Sources */,
				63068A671B01BB73005E256B /* Frameworks */,
				63068A681B01BB73005E256B /* Resources */,
			);
			buildRules = (
			);
			dependencies = (
				63068A6C1B01BB73005E256B /* PBXTargetDependency */,
			);
			name = MMMilestone2Tests;
			productName = MMMilestone2Tests;
			productReference = 63068A6A1B01BB73005E256B /* MMMilestone2Tests.xctest */;
			productType = "com.apple.product-type.bundle.unit-test";
		};
/* End PBXNativeTarget section */

/* Begin PBXProject section */
		63068A4A1B01BB72005E256B /* Project object */ = {
			isa = PBXProject;
			attributes = {
				LastUpgradeCheck = 0610;
				ORGANIZATIONNAME = mecolab;
				TargetAttributes = {
					63068A511B01BB73005E256B = {
						CreatedOnToolsVersion = 6.1.1;
					};
					63068A691B01BB73005E256B = {
						CreatedOnToolsVersion = 6.1.1;
						TestTargetID = 63068A511B01BB73005E256B;
					};
				};
			};
			buildConfigurationList = 63068A4D1B01BB72005E256B /* Build configuration list for PBXProject "MMMilestone2" */;
			compatibilityVersion = "Xcode 3.2";
			developmentRegion = English;
			hasScannedForEncodings = 0;
			knownRegions = (
				en,
				Base,
			);
			mainGroup = 63068A491B01BB72005E256B;
			productRefGroup = 63068A531B01BB73005E256B /* Products */;
			projectDirPath = "";
			projectRoot = "";
			targets = (
				63068A511B01BB73005E256B /* MMMilestone2 */,
				63068A691B01BB73005E256B /* MMMilestone2Tests */,
			);
		};
/* End PBXProject section */

/* Begin PBXResourcesBuildPhase section */
		63068A501B01BB73005E256B /* Resources */ = {
			isa = PBXResourcesBuildPhase;
			buildActionMask = 2147483647;
			files = (
				63068A601B01BB73005E256B /* Main.storyboard in Resources */,
				63068A651B01BB73005E256B /* LaunchScreen.xib in Resources */,
				63068A621B01BB73005E256B /* Images.xcassets in Resources */,
			);
			runOnlyForDeploymentPostprocessing = 0;
		};
		63068A681B01BB73005E256B /* Resources */ = {
			isa = PBXResourcesBuildPhase;
			buildActionMask = 2147483647;
			files = (
			);
			runOnlyForDeploymentPostprocessing = 0;
		};
/* End PBXResourcesBuildPhase section */

/* Begin PBXSourcesBuildPhase section */
		63068A4E1B01BB73005E256B /* Sources */ = {
			isa = PBXSourcesBuildPhase;
			buildActionMask = 2147483647;
			files = (
				63068A5D1B01BB73005E256B /* ViewController.swift in Sources */,
				63068A581B01BB73005E256B /* AppDelegate.swift in Sources */,
				63068A5B1B01BB73005E256B /* MMMilestone2.xcdatamodeld in Sources */,
			);
			runOnlyForDeploymentPostprocessing = 0;
		};
		63068A661B01BB73005E256B /* Sources */ = {
			isa = PBXSourcesBuildPhase;
			buildActionMask = 2147483647;
			files = (
				63068A711B01BB73005E256B /* MMMilestone2Tests.swift in Sources */,
			);
			runOnlyForDeploymentPostprocessing = 0;
		};
/* End PBXSourcesBuildPhase section */

/* Begin PBXTargetDependency section */
		63068A6C1B01BB73005E256B /* PBXTargetDependency */ = {
			isa = PBXTargetDependency;
			target = 63068A511B01BB73005E256B /* MMMilestone2 */;
			targetProxy = 63068A6B1B01BB73005E256B /* PBXContainerItemProxy */;
		};
/* End PBXTargetDependency section */

/* Begin PBXVariantGroup section */
		63068A5E1B01BB73005E256B /* Main.storyboard */ = {
			isa = PBXVariantGroup;
			children = (
				63068A5F1B01BB73005E256B /* Base */,
			);
			name = Main.storyboard;
			sourceTree = "<group>";
		};
		63068A631B01BB73005E256B /* LaunchScreen.xib */ = {
			isa = PBXVariantGroup;
			children = (
				63068A641B01BB73005E256B /* Base */,
			);
			name = LaunchScreen.xib;
			sourceTree = "<group>";
		};
/* End PBXVariantGroup section */

/* Begin XCBuildConfiguration section */
		63068A721B01BB73005E256B /* Debug */ = {
			isa = XCBuildConfiguration;
			buildSettings = {
				ALWAYS_SEARCH_USER_PATHS = NO;
				CLANG_CXX_LANGUAGE_STANDARD = "gnu++0x";
				CLANG_CXX_LIBRARY = "libc++";
				CLANG_ENABLE_MODULES = YES;
				CLANG_ENABLE_OBJC_ARC = YES;
				CLANG_WARN_BOOL_CONVERSION = YES;
				CLANG_WARN_CONSTANT_CONVERSION = YES;
				CLANG_WARN_DIRECT_OBJC_ISA_USAGE = YES_ERROR;
				CLANG_WARN_EMPTY_BODY = YES;
				CLANG_WARN_ENUM_CONVERSION = YES;
				CLANG_WARN_INT_CONVERSION = YES;
				CLANG_WARN_OBJC_ROOT_CLASS = YES_ERROR;
				CLANG_WARN_UNREACHABLE_CODE = YES;
				CLANG_WARN__DUPLICATE_METHOD_MATCH = YES;
				"CODE_SIGN_IDENTITY[sdk=iphoneos*]" = "iPhone Developer";
				COPY_PHASE_STRIP = NO;
				ENABLE_STRICT_OBJC_MSGSEND = YES;
				GCC_C_LANGUAGE_STANDARD = gnu99;
				GCC_DYNAMIC_NO_PIC = NO;
				GCC_OPTIMIZATION_LEVEL = 0;
				GCC_PREPROCESSOR_DEFINITIONS = (
					"DEBUG=1",
					"$(inherited)",
				);
				GCC_SYMBOLS_PRIVATE_EXTERN = NO;
				GCC_WARN_64_TO_32_BIT_CONVERSION = YES;
				GCC_WARN_ABOUT_RETURN_TYPE = YES_ERROR;
				GCC_WARN_UNDECLARED_SELECTOR = YES;
				GCC_WARN_UNINITIALIZED_AUTOS = YES_AGGRESSIVE;
				GCC_WARN_UNUSED_FUNCTION = YES;
				GCC_WARN_UNUSED_VARIABLE = YES;
				IPHONEOS_DEPLOYMENT_TARGET = 8.1;
				MTL_ENABLE_DEBUG_INFO = YES;
				ONLY_ACTIVE_ARCH = YES;
				SDKROOT = iphoneos;
				SWIFT_OPTIMIZATION_LEVEL = "-Onone";
			};
			name = Debug;
		};
		63068A731B01BB73005E256B /* Release */ = {
			isa = XCBuildConfiguration;
			buildSettings = {
				ALWAYS_SEARCH_USER_PATHS = NO;
				CLANG_CXX_LANGUAGE_STANDARD = "gnu++0x";
				CLANG_CXX_LIBRARY = "libc++";
				CLANG_ENABLE_MODULES = YES;
				CLANG_ENABLE_OBJC_ARC = YES;
				CLANG_WARN_BOOL_CONVERSION = YES;
				CLANG_WARN_CONSTANT_CONVERSION = YES;
				CLANG_WARN_DIRECT_OBJC_ISA_USAGE = YES_ERROR;
				CLANG_WARN_EMPTY_BODY = YES;
				CLANG_WARN_ENUM_CONVERSION = YES;
				CLANG_WARN_INT_CONVERSION = YES;
				CLANG_WARN_OBJC_ROOT_CLASS = YES_ERROR;
				CLANG_WARN_UNREACHABLE_CODE = YES;
				CLANG_WARN__DUPLICATE_METHOD_MATCH = YES;
				"CODE_SIGN_IDENTITY[sdk=iphoneos*]" = "iPhone Developer";
				COPY_PHASE_STRIP = YES;
				ENABLE_NS_ASSERTIONS = NO;
				ENABLE_STRICT_OBJC_MSGSEND = YES;
				GCC_C_LANGUAGE_STANDARD = gnu99;
				GCC_WARN_64_TO_32_BIT_CONVERSION = YES;
				GCC_WARN_ABOUT_RETURN_TYPE = YES_ERROR;
				GCC_WARN_UNDECLARED_SELECTOR = YES;
				GCC_WARN_UNINITIALIZED_AUTOS = YES_AGGRESSIVE;
				GCC_WARN_UNUSED_FUNCTION = YES;
				GCC_WARN_UNUSED_VARIABLE = YES;
				IPHONEOS_DEPLOYMENT_TARGET = 8.1;
				MTL_ENABLE_DEBUG_INFO = NO;
				SDKROOT = iphoneos;
				VALIDATE_PRODUCT = YES;
			};
			name = Release;
		};
		63068A751B01BB73005E256B /* Debug */ = {
			isa = XCBuildConfiguration;
			buildSettings = {
				ASSETCATALOG_COMPILER_APPICON_NAME = AppIcon;
				INFOPLIST_FILE = MMMilestone2/Info.plist;
				LD_RUNPATH_SEARCH_PATHS = "$(inherited) @executable_path/Frameworks";
				PRODUCT_NAME = "$(TARGET_NAME)";
			};
			name = Debug;
		};
		63068A761B01BB73005E256B /* Release */ = {
			isa = XCBuildConfiguration;
			buildSettings = {
				ASSETCATALOG_COMPILER_APPICON_NAME = AppIcon;
				INFOPLIST_FILE = MMMilestone2/Info.plist;
				LD_RUNPATH_SEARCH_PATHS = "$(inherited) @executable_path/Frameworks";
				PRODUCT_NAME = "$(TARGET_NAME)";
			};
			name = Release;
		};
		63068A781B01BB73005E256B /* Debug */ = {
			isa = XCBuildConfiguration;
			buildSettings = {
				BUNDLE_LOADER = "$(TEST_HOST)";
				FRAMEWORK_SEARCH_PATHS = (
					"$(SDKROOT)/Developer/Library/Frameworks",
					"$(inherited)",
				);
				GCC_PREPROCESSOR_DEFINITIONS = (
					"DEBUG=1",
					"$(inherited)",
				);
				INFOPLIST_FILE = MMMilestone2Tests/Info.plist;
				LD_RUNPATH_SEARCH_PATHS = "$(inherited) @executable_path/Frameworks @loader_path/Frameworks";
				PRODUCT_NAME = "$(TARGET_NAME)";
				TEST_HOST = "$(BUILT_PRODUCTS_DIR)/MMMilestone2.app/MMMilestone2";
			};
			name = Debug;
		};
		63068A791B01BB73005E256B /* Release */ = {
			isa = XCBuildConfiguration;
			buildSettings = {
				BUNDLE_LOADER = "$(TEST_HOST)";
				FRAMEWORK_SEARCH_PATHS = (
					"$(SDKROOT)/Developer/Library/Frameworks",
					"$(inherited)",
				);
				INFOPLIST_FILE = MMMilestone2Tests/Info.plist;
				LD_RUNPATH_SEARCH_PATHS = "$(inherited) @executable_path/Frameworks @loader_path/Frameworks";
				PRODUCT_NAME = "$(TARGET_NAME)";
				TEST_HOST = "$(BUILT_PRODUCTS_DIR)/MMMilestone2.app/MMMilestone2";
			};
			name = Release;
		};
/* End XCBuildConfiguration section */

/* Begin XCConfigurationList section */
		63068A4D1B01BB72005E256B /* Build configuration list for PBXProject "MMMilestone2" */ = {
			isa = XCConfigurationList;
			buildConfigurations = (
				63068A721B01BB73005E256B /* Debug */,
				63068A731B01BB73005E256B /* Release */,
			);
			defaultConfigurationIsVisible = 0;
			defaultConfigurationName = Release;
		};
		63068A741B01BB73005E256B /* Build configuration list for PBXNativeTarget "MMMilestone2" */ = {
			isa = XCConfigurationList;
			buildConfigurations = (
				63068A751B01BB73005E256B /* Debug */,
				63068A761B01BB73005E256B /* Release */,
			);
			defaultConfigurationIsVisible = 0;
		};
		63068A771B01BB73005E256B /* Build configuration list for PBXNativeTarget "MMMilestone2Tests" */ = {
			isa = XCConfigurationList;
			buildConfigurations = (
				63068A781B01BB73005E256B /* Debug */,
				63068A791B01BB73005E256B /* Release */,
			);
			defaultConfigurationIsVisible = 0;
		};
/* End XCConfigurationList section */

/* Begin XCVersionGroup section */
		63068A591B01BB73005E256B /* MMMilestone2.xcdatamodeld */ = {
			isa = XCVersionGroup;
			children = (
				63068A5A1B01BB73005E256B /* MMMilestone2.xcdatamodel */,
			);
			currentVersion = 63068A5A1B01BB73005E256B /* MMMilestone2.xcdatamodel */;
			path = MMMilestone2.xcdatamodeld;
			sourceTree = "<group>";
			versionGroupType = wrapper.xcdatamodel;
		};
/* End XCVersionGroup section */
	};
	rootObject = 63068A4A1B01BB72005E256B /* Project object */;
}
